
Microsoft Visual Studio Solution File, Format Version 12.00
# Visual Studio Version 17
VisualStudioVersion = 17.9.34728.123
MinimumVisualStudioVersion = 10.0.40219.1
Project("{FAE04EC0-301F-11D3-BF4B-00C04F79EFBC}") = "Week 3 Challenge Labs 1", "Week 3 Challenge Labs 1.csproj", "{D2202230-F0D6-42A8-9771-8D5BAB95AB6B}"
EndProject
Global
	GlobalSection(SolutionConfigurationPlatforms) = preSolution
		Debug|Any CPU = Debug|Any CPU
		Release|Any CPU = Release|Any CPU
	EndGlobalSection
	GlobalSection(ProjectConfigurationPlatforms) = postSolution
		{D2202230-F0D6-42A8-9771-8D5BAB95AB6B}.Debug|Any CPU.ActiveCfg = Debug|Any CPU
		{D2202230-F0D6-42A8-9771-8D5BAB95AB6B}.Debug|Any CPU.Build.0 = Debug|Any CPU
		{D2202230-F0D6-42A8-9771-8D5BAB95AB6B}.Release|Any CPU.ActiveCfg = Release|Any CPU
		{D2202230-F0D6-42A8-9771-8D5BAB95AB6B}.Release|Any CPU.Build.0 = Release|Any CPU
	EndGlobalSection
	GlobalSection(SolutionProperties) = preSolution
		HideSolutionNode = FALSE
	EndGlobalSection
	GlobalSection(ExtensibilityGlobals) = postSolution
		SolutionGuid = {B29020EE-0800-4D3E-87E6-8356AE5E531D}
	EndGlobalSection
EndGlobal
